
Microsoft Visual Studio Solution File, Format Version 12.00
# Visual Studio Version 16
VisualStudioVersion = 16.0.29613.14
MinimumVisualStudioVersion = 10.0.40219.1
Project("{8BC9CEB8-8B4A-11D0-8D11-00A0C91BC942}") = "OpenETran", "OpenETran.vcxproj", "{700D3253-6A5E-4359-B40C-8DD4F3C3A964}"
EndProject
Global
	GlobalSection(SolutionConfigurationPlatforms) = preSolution
		Debug|x86 = Debug|x86
		Release|x86 = Release|x86
	EndGlobalSection
	GlobalSection(ProjectConfigurationPlatforms) = postSolution
		{700D3253-6A5E-4359-B40C-8DD4F3C3A964}.Debug|x86.ActiveCfg = Debug|Win32
		{700D3253-6A5E-4359-B40C-8DD4F3C3A964}.Debug|x86.Build.0 = Debug|Win32
		{700D3253-6A5E-4359-B40C-8DD4F3C3A964}.Release|x86.ActiveCfg = Release|Win32
		{700D3253-6A5E-4359-B40C-8DD4F3C3A964}.Release|x86.Build.0 = Release|Win32
	EndGlobalSection
	GlobalSection(SolutionProperties) = preSolution
		HideSolutionNode = FALSE
	EndGlobalSection
	GlobalSection(ExtensibilityGlobals) = postSolution
		SolutionGuid = {61F7C7E4-D269-462B-9334-D8285A955CA6}
	EndGlobalSection
EndGlobal
